// !$*UTF8*$!
{
	archiveVersion = 1;
	classes = {
	};
	objectVersion = 56;
	objects = {

/* Begin PBXBuildFile section */
		62A09F589A6934D2DD23CFFC /* Pods_BasicInstaClone.framework in Frameworks */ = {isa = PBXBuildFile; fileRef = 9EB1A054FAEDEDFC7272E2E6 /* Pods_BasicInstaClone.framework */; };
		9364967F2C41B70F00872F32 /* AppDelegate.swift in Sources */ = {isa = PBXBuildFile; fileRef = 9364967E2C41B70F00872F32 /* AppDelegate.swift */; };
		936496812C41B70F00872F32 /* SceneDelegate.swift in Sources */ = {isa = PBXBuildFile; fileRef = 936496802C41B70F00872F32 /* SceneDelegate.swift */; };
		936496832C41B70F00872F32 /* ViewController.swift in Sources */ = {isa = PBXBuildFile; fileRef = 936496822C41B70F00872F32 /* ViewController.swift */; };
		936496862C41B70F00872F32 /* Base in Resources */ = {isa = PBXBuildFile; fileRef = 936496852C41B70F00872F32 /* Base */; };
		936496892C41B70F00872F32 /* BasicInstaClone.xcdatamodeld in Sources */ = {isa = PBXBuildFile; fileRef = 936496872C41B70F00872F32 /* BasicInstaClone.xcdatamodeld */; };
		9364968B2C41B71100872F32 /* Assets.xcassets in Resources */ = {isa = PBXBuildFile; fileRef = 9364968A2C41B71100872F32 /* Assets.xcassets */; };
		9364968E2C41B71100872F32 /* Base in Resources */ = {isa = PBXBuildFile; fileRef = 9364968D2C41B71100872F32 /* Base */; };
		936496962C41BB5C00872F32 /* GoogleService-Info.plist in Resources */ = {isa = PBXBuildFile; fileRef = 936496952C41BB5C00872F32 /* GoogleService-Info.plist */; };
/* End PBXBuildFile section */

/* Begin PBXFileReference section */
		3C6C5A0E5AA28D9097D83537 /* Pods-BasicInstaClone.release.xcconfig */ = {isa = PBXFileReference; includeInIndex = 1; lastKnownFileType = text.xcconfig; name = "Pods-BasicInstaClone.release.xcconfig"; path = "Target Support Files/Pods-BasicInstaClone/Pods-BasicInstaClone.release.xcconfig"; sourceTree = "<group>"; };
		52281D84214FF2F17C7B3759 /* Pods-BasicInstaClone.debug.xcconfig */ = {isa = PBXFileReference; includeInIndex = 1; lastKnownFileType = text.xcconfig; name = "Pods-BasicInstaClone.debug.xcconfig"; path = "Target Support Files/Pods-BasicInstaClone/Pods-BasicInstaClone.debug.xcconfig"; sourceTree = "<group>"; };
		9364967B2C41B70F00872F32 /* BasicInstaClone.app */ = {isa = PBXFileReference; explicitFileType = wrapper.application; includeInIndex = 0; path = BasicInstaClone.app; sourceTree = BUILT_PRODUCTS_DIR; };
		9364967E2C41B70F00872F32 /* AppDelegate.swift */ = {isa = PBXFileReference; lastKnownFileType = sourcecode.swift; path = AppDelegate.swift; sourceTree = "<group>"; };
		936496802C41B70F00872F32 /* SceneDelegate.swift */ = {isa = PBXFileReference; lastKnownFileType = sourcecode.swift; path = SceneDelegate.swift; sourceTree = "<group>"; };
		936496822C41B70F00872F32 /* ViewController.swift */ = {isa = PBXFileReference; lastKnownFileType = sourcecode.swift; path = ViewController.swift; sourceTree = "<group>"; };
		936496852C41B70F00872F32 /* Base */ = {isa = PBXFileReference; lastKnownFileType = file.storyboard; name = Base; path = Base.lproj/Main.storyboard; sourceTree = "<group>"; };
		936496882C41B70F00872F32 /* BasicInstaClone.xcdatamodel */ = {isa = PBXFileReference; lastKnownFileType = wrapper.xcdatamodel; path = BasicInstaClone.xcdatamodel; sourceTree = "<group>"; };
		9364968A2C41B71100872F32 /* Assets.xcassets */ = {isa = PBXFileReference; lastKnownFileType = folder.assetcatalog; path = Assets.xcassets; sourceTree = "<group>"; };
		9364968D2C41B71100872F32 /* Base */ = {isa = PBXFileReference; lastKnownFileType = file.storyboard; name = Base; path = Base.lproj/LaunchScreen.storyboard; sourceTree = "<group>"; };
		9364968F2C41B71100872F32 /* Info.plist */ = {isa = PBXFileReference; lastKnownFileType = text.plist.xml; path = Info.plist; sourceTree = "<group>"; };
		936496952C41BB5C00872F32 /* GoogleService-Info.plist */ = {isa = PBXFileReference; fileEncoding = 4; lastKnownFileType = text.plist.xml; path = "GoogleService-Info.plist"; sourceTree = "<group>"; };
		9EB1A054FAEDEDFC7272E2E6 /* Pods_BasicInstaClone.framework */ = {isa = PBXFileReference; explicitFileType = wrapper.framework; includeInIndex = 0; path = Pods_BasicInstaClone.framework; sourceTree = BUILT_PRODUCTS_DIR; };
/* End PBXFileReference section */

/* Begin PBXFrameworksBuildPhase section */
		936496782C41B70F00872F32 /* Frameworks */ = {
			isa = PBXFrameworksBuildPhase;
			buildActionMask = 2147483647;
			files = (
				62A09F589A6934D2DD23CFFC /* Pods_BasicInstaClone.framework in Frameworks */,
			);
			runOnlyForDeploymentPostprocessing = 0;
		};
/* End PBXFrameworksBuildPhase section */

/* Begin PBXGroup section */
		05041A08DD9FB7A8C8D02F72 /* Frameworks */ = {
			isa = PBXGroup;
			children = (
				9EB1A054FAEDEDFC7272E2E6 /* Pods_BasicInstaClone.framework */,
			);
			name = Frameworks;
			sourceTree = "<group>";
		};
		936496722C41B70F00872F32 = {
			isa = PBXGroup;
			children = (
				9364967D2C41B70F00872F32 /* BasicInstaClone */,
				9364967C2C41B70F00872F32 /* Products */,
				BA0FAD5870596C066EFF17D5 /* Pods */,
				05041A08DD9FB7A8C8D02F72 /* Frameworks */,
			);
			sourceTree = "<group>";
		};
		9364967C2C41B70F00872F32 /* Products */ = {
			isa = PBXGroup;
			children = (
				9364967B2C41B70F00872F32 /* BasicInstaClone.app */,
			);
			name = Products;
			sourceTree = "<group>";
		};
		9364967D2C41B70F00872F32 /* BasicInstaClone */ = {
			isa = PBXGroup;
			children = (
				9364967E2C41B70F00872F32 /* AppDelegate.swift */,
				936496802C41B70F00872F32 /* SceneDelegate.swift */,
				936496822C41B70F00872F32 /* ViewController.swift */,
				936496842C41B70F00872F32 /* Main.storyboard */,
				9364968A2C41B71100872F32 /* Assets.xcassets */,
				9364968C2C41B71100872F32 /* LaunchScreen.storyboard */,
				9364968F2C41B71100872F32 /* Info.plist */,
				936496872C41B70F00872F32 /* BasicInstaClone.xcdatamodeld */,
				936496952C41BB5C00872F32 /* GoogleService-Info.plist */,
			);
			path = BasicInstaClone;
			sourceTree = "<group>";
		};
		BA0FAD5870596C066EFF17D5 /* Pods */ = {
			isa = PBXGroup;
			children = (
				52281D84214FF2F17C7B3759 /* Pods-BasicInstaClone.debug.xcconfig */,
				3C6C5A0E5AA28D9097D83537 /* Pods-BasicInstaClone.release.xcconfig */,
			);
			name = Pods;
			path = Pods;
			sourceTree = "<group>";
		};
/* End PBXGroup section */

/* Begin PBXNativeTarget section */
		9364967A2C41B70F00872F32 /* BasicInstaClone */ = {
			isa = PBXNativeTarget;
			buildConfigurationList = 936496922C41B71100872F32 /* Build configuration list for PBXNativeTarget "BasicInstaClone" */;
			buildPhases = (
				AE724CE0418EF202EEEC197B /* [CP] Check Pods Manifest.lock */,
				936496772C41B70F00872F32 /* Sources */,
				936496782C41B70F00872F32 /* Frameworks */,
				936496792C41B70F00872F32 /* Resources */,
				69EB19EA3E4C6CB7F370C791 /* [CP] Embed Pods Frameworks */,
			);
			buildRules = (
			);
			dependencies = (
			);
			name = BasicInstaClone;
			productName = BasicInstaClone;
			productReference = 9364967B2C41B70F00872F32 /* BasicInstaClone.app */;
			productType = "com.apple.product-type.application";
		};
/* End PBXNativeTarget section */

/* Begin PBXProject section */
		936496732C41B70F00872F32 /* Project object */ = {
			isa = PBXProject;
			attributes = {
				BuildIndependentTargetsInParallel = 1;
				LastSwiftUpdateCheck = 1540;
				LastUpgradeCheck = 1540;
				TargetAttributes = {
					9364967A2C41B70F00872F32 = {
						CreatedOnToolsVersion = 15.4;
					};
				};
			};
			buildConfigurationList = 936496762C41B70F00872F32 /* Build configuration list for PBXProject "BasicInstaClone" */;
			compatibilityVersion = "Xcode 14.0";
			developmentRegion = en;
			hasScannedForEncodings = 0;
			knownRegions = (
				en,
				Base,
			);
			mainGroup = 936496722C41B70F00872F32;
			productRefGroup = 9364967C2C41B70F00872F32 /* Products */;
			projectDirPath = "";
			projectRoot = "";
			targets = (
				9364967A2C41B70F00872F32 /* BasicInstaClone */,
			);
		};
/* End PBXProject section */

/* Begin PBXResourcesBuildPhase section */
		936496792C41B70F00872F32 /* Resources */ = {
			isa = PBXResourcesBuildPhase;
			buildActionMask = 2147483647;
			files = (
				9364968B2C41B71100872F32 /* Assets.xcassets in Resources */,
				936496962C41BB5C00872F32 /* GoogleService-Info.plist in Resources */,
				9364968E2C41B71100872F32 /* Base in Resources */,
				936496862C41B70F00872F32 /* Base in Resources */,
			);
			runOnlyForDeploymentPostprocessing = 0;
		};
/* End PBXResourcesBuildPhase section */

/* Begin PBXShellScriptBuildPhase section */
		69EB19EA3E4C6CB7F370C791 /* [CP] Embed Pods Frameworks */ = {
			isa = PBXShellScriptBuildPhase;
			buildActionMask = 2147483647;
			files = (
			);
			inputFileListPaths = (
				"${PODS_ROOT}/Target Support Files/Pods-BasicInstaClone/Pods-BasicInstaClone-frameworks-${CONFIGURATION}-input-files.xcfilelist",
			);
			name = "[CP] Embed Pods Frameworks";
			outputFileListPaths = (
				"${PODS_ROOT}/Target Support Files/Pods-BasicInstaClone/Pods-BasicInstaClone-frameworks-${CONFIGURATION}-output-files.xcfilelist",
			);
			runOnlyForDeploymentPostprocessing = 0;
			shellPath = /bin/sh;
			shellScript = "\"${PODS_ROOT}/Target Support Files/Pods-BasicInstaClone/Pods-BasicInstaClone-frameworks.sh\"\n";
			showEnvVarsInLog = 0;
		};
		AE724CE0418EF202EEEC197B /* [CP] Check Pods Manifest.lock */ = {
			isa = PBXShellScriptBuildPhase;
			buildActionMask = 2147483647;
			files = (
			);
			inputFileListPaths = (
			);
			inputPaths = (
				"${PODS_PODFILE_DIR_PATH}/Podfile.lock",
				"${PODS_ROOT}/Manifest.lock",
			);
			name = "[CP] Check Pods Manifest.lock";
			outputFileListPaths = (
			);
			outputPaths = (
				"$(DERIVED_FILE_DIR)/Pods-BasicInstaClone-checkManifestLockResult.txt",
			);
			runOnlyForDeploymentPostprocessing = 0;
			shellPath = /bin/sh;
			shellScript = "diff \"${PODS_PODFILE_DIR_PATH}/Podfile.lock\" \"${PODS_ROOT}/Manifest.lock\" > /dev/null\nif [ $? != 0 ] ; then\n    # print error to STDERR\n    echo \"error: The sandbox is not in sync with the Podfile.lock. Run 'pod install' or update your CocoaPods installation.\" >&2\n    exit 1\nfi\n# This output is used by Xcode 'outputs' to avoid re-running this script phase.\necho \"SUCCESS\" > \"${SCRIPT_OUTPUT_FILE_0}\"\n";
			showEnvVarsInLog = 0;
		};
/* End PBXShellScriptBuildPhase section */

/* Begin PBXSourcesBuildPhase section */
		936496772C41B70F00872F32 /* Sources */ = {
			isa = PBXSourcesBuildPhase;
			buildActionMask = 2147483647;
			files = (
				936496832C41B70F00872F32 /* ViewController.swift in Sources */,
				9364967F2C41B70F00872F32 /* AppDelegate.swift in Sources */,
				936496892C41B70F00872F32 /* BasicInstaClone.xcdatamodeld in Sources */,
				936496812C41B70F00872F32 /* SceneDelegate.swift in Sources */,
			);
			runOnlyForDeploymentPostprocessing = 0;
		};
/* End PBXSourcesBuildPhase section */

/* Begin PBXVariantGroup section */
		936496842C41B70F00872F32 /* Main.storyboard */ = {
			isa = PBXVariantGroup;
			children = (
				936496852C41B70F00872F32 /* Base */,
			);
			name = Main.storyboard;
			sourceTree = "<group>";
		};
		9364968C2C41B71100872F32 /* LaunchScreen.storyboard */ = {
			isa = PBXVariantGroup;
			children = (
				9364968D2C41B71100872F32 /* Base */,
			);
			name = LaunchScreen.storyboard;
			sourceTree = "<group>";
		};
/* End PBXVariantGroup section */

/* Begin XCBuildConfiguration section */
		936496902C41B71100872F32 /* Debug */ = {
			isa = XCBuildConfiguration;
			buildSettings = {
				ALWAYS_SEARCH_USER_PATHS = NO;
				ASSETCATALOG_COMPILER_GENERATE_SWIFT_ASSET_SYMBOL_EXTENSIONS = YES;
				CLANG_ANALYZER_NONNULL = YES;
				CLANG_ANALYZER_NUMBER_OBJECT_CONVERSION = YES_AGGRESSIVE;
				CLANG_CXX_LANGUAGE_STANDARD = "gnu++20";
				CLANG_ENABLE_MODULES = YES;
				CLANG_ENABLE_OBJC_ARC = YES;
				CLANG_ENABLE_OBJC_WEAK = YES;
				CLANG_WARN_BLOCK_CAPTURE_AUTORELEASING = YES;
				CLANG_WARN_BOOL_CONVERSION = YES;
				CLANG_WARN_COMMA = YES;
				CLANG_WARN_CONSTANT_CONVERSION = YES;
				CLANG_WARN_DEPRECATED_OBJC_IMPLEMENTATIONS = YES;
				CLANG_WARN_DIRECT_OBJC_ISA_USAGE = YES_ERROR;
				CLANG_WARN_DOCUMENTATION_COMMENTS = YES;
				CLANG_WARN_EMPTY_BODY = YES;
				CLANG_WARN_ENUM_CONVERSION = YES;
				CLANG_WARN_INFINITE_RECURSION = YES;
				CLANG_WARN_INT_CONVERSION = YES;
				CLANG_WARN_NON_LITERAL_NULL_CONVERSION = YES;
				CLANG_WARN_OBJC_IMPLICIT_RETAIN_SELF = YES;
				CLANG_WARN_OBJC_LITERAL_CONVERSION = YES;
				CLANG_WARN_OBJC_ROOT_CLASS = YES_ERROR;
				CLANG_WARN_QUOTED_INCLUDE_IN_FRAMEWORK_HEADER = YES;
				CLANG_WARN_RANGE_LOOP_ANALYSIS = YES;
				CLANG_WARN_STRICT_PROTOTYPES = YES;
				CLANG_WARN_SUSPICIOUS_MOVE = YES;
				CLANG_WARN_UNGUARDED_AVAILABILITY = YES_AGGRESSIVE;
				CLANG_WARN_UNREACHABLE_CODE = YES;
				CLANG_WARN__DUPLICATE_METHOD_MATCH = YES;
				COPY_PHASE_STRIP = NO;
				DEBUG_INFORMATION_FORMAT = dwarf;
				ENABLE_STRICT_OBJC_MSGSEND = YES;
				ENABLE_TESTABILITY = YES;
				ENABLE_USER_SCRIPT_SANDBOXING = YES;
				GCC_C_LANGUAGE_STANDARD = gnu17;
				GCC_DYNAMIC_NO_PIC = NO;
				GCC_NO_COMMON_BLOCKS = YES;
				GCC_OPTIMIZATION_LEVEL = 0;
				GCC_PREPROCESSOR_DEFINITIONS = (
					"DEBUG=1",
					"$(inherited)",
				);
				GCC_WARN_64_TO_32_BIT_CONVERSION = YES;
				GCC_WARN_ABOUT_RETURN_TYPE = YES_ERROR;
				GCC_WARN_UNDECLARED_SELECTOR = YES;
				GCC_WARN_UNINITIALIZED_AUTOS = YES_AGGRESSIVE;
				GCC_WARN_UNUSED_FUNCTION = YES;
				GCC_WARN_UNUSED_VARIABLE = YES;
				IPHONEOS_DEPLOYMENT_TARGET = 17.5;
				LOCALIZATION_PREFERS_STRING_CATALOGS = YES;
				MTL_ENABLE_DEBUG_INFO = INCLUDE_SOURCE;
				MTL_FAST_MATH = YES;
				ONLY_ACTIVE_ARCH = YES;
				SDKROOT = iphoneos;
				SWIFT_ACTIVE_COMPILATION_CONDITIONS = "DEBUG $(inherited)";
				SWIFT_OPTIMIZATION_LEVEL = "-Onone";
			};
			name = Debug;
		};
		936496912C41B71100872F32 /* Release */ = {
			isa = XCBuildConfiguration;
			buildSettings = {
				ALWAYS_SEARCH_USER_PATHS = NO;
				ASSETCATALOG_COMPILER_GENERATE_SWIFT_ASSET_SYMBOL_EXTENSIONS = YES;
				CLANG_ANALYZER_NONNULL = YES;
				CLANG_ANALYZER_NUMBER_OBJECT_CONVERSION = YES_AGGRESSIVE;
				CLANG_CXX_LANGUAGE_STANDARD = "gnu++20";
				CLANG_ENABLE_MODULES = YES;
				CLANG_ENABLE_OBJC_ARC = YES;
				CLANG_ENABLE_OBJC_WEAK = YES;
				CLANG_WARN_BLOCK_CAPTURE_AUTORELEASING = YES;
				CLANG_WARN_BOOL_CONVERSION = YES;
				CLANG_WARN_COMMA = YES;
				CLANG_WARN_CONSTANT_CONVERSION = YES;
				CLANG_WARN_DEPRECATED_OBJC_IMPLEMENTATIONS = YES;
				CLANG_WARN_DIRECT_OBJC_ISA_USAGE = YES_ERROR;
				CLANG_WARN_DOCUMENTATION_COMMENTS = YES;
				CLANG_WARN_EMPTY_BODY = YES;
				CLANG_WARN_ENUM_CONVERSION = YES;
				CLANG_WARN_INFINITE_RECURSION = YES;
				CLANG_WARN_INT_CONVERSION = YES;
				CLANG_WARN_NON_LITERAL_NULL_CONVERSION = YES;
				CLANG_WARN_OBJC_IMPLICIT_RETAIN_SELF = YES;
				CLANG_WARN_OBJC_LITERAL_CONVERSION = YES;
				CLANG_WARN_OBJC_ROOT_CLASS = YES_ERROR;
				CLANG_WARN_QUOTED_INCLUDE_IN_FRAMEWORK_HEADER = YES;
				CLANG_WARN_RANGE_LOOP_ANALYSIS = YES;
				CLANG_WARN_STRICT_PROTOTYPES = YES;
				CLANG_WARN_SUSPICIOUS_MOVE = YES;
				CLANG_WARN_UNGUARDED_AVAILABILITY = YES_AGGRESSIVE;
				CLANG_WARN_UNREACHABLE_CODE = YES;
				CLANG_WARN__DUPLICATE_METHOD_MATCH = YES;
				COPY_PHASE_STRIP = NO;
				DEBUG_INFORMATION_FORMAT = "dwarf-with-dsym";
				ENABLE_NS_ASSERTIONS = NO;
				ENABLE_STRICT_OBJC_MSGSEND = YES;
				ENABLE_USER_SCRIPT_SANDBOXING = YES;
				GCC_C_LANGUAGE_STANDARD = gnu17;
				GCC_NO_COMMON_BLOCKS = YES;
				GCC_WARN_64_TO_32_BIT_CONVERSION = YES;
				GCC_WARN_ABOUT_RETURN_TYPE = YES_ERROR;
				GCC_WARN_UNDECLARED_SELECTOR = YES;
				GCC_WARN_UNINITIALIZED_AUTOS = YES_AGGRESSIVE;
				GCC_WARN_UNUSED_FUNCTION = YES;
				GCC_WARN_UNUSED_VARIABLE = YES;
				IPHONEOS_DEPLOYMENT_TARGET = 17.5;
				LOCALIZATION_PREFERS_STRING_CATALOGS = YES;
				MTL_ENABLE_DEBUG_INFO = NO;
				MTL_FAST_MATH = YES;
				SDKROOT = iphoneos;
				SWIFT_COMPILATION_MODE = wholemodule;
				VALIDATE_PRODUCT = YES;
			};
			name = Release;
		};
		936496932C41B71100872F32 /* Debug */ = {
			isa = XCBuildConfiguration;
			baseConfigurationReference = 52281D84214FF2F17C7B3759 /* Pods-BasicInstaClone.debug.xcconfig */;
			buildSettings = {
				ASSETCATALOG_COMPILER_APPICON_NAME = AppIcon;
				ASSETCATALOG_COMPILER_GLOBAL_ACCENT_COLOR_NAME = AccentColor;
				CODE_SIGN_STYLE = Automatic;
				CURRENT_PROJECT_VERSION = 1;
				DEVELOPMENT_TEAM = 4Z5K7926Y5;
				GENERATE_INFOPLIST_FILE = YES;
				INFOPLIST_FILE = BasicInstaClone/Info.plist;
				INFOPLIST_KEY_UIApplicationSupportsIndirectInputEvents = YES;
				INFOPLIST_KEY_UILaunchStoryboardName = LaunchScreen;
				INFOPLIST_KEY_UIMainStoryboardFile = Main;
				INFOPLIST_KEY_UISupportedInterfaceOrientations_iPad = "UIInterfaceOrientationPortrait UIInterfaceOrientationPortraitUpsideDown UIInterfaceOrientationLandscapeLeft UIInterfaceOrientationLandscapeRight";
				INFOPLIST_KEY_UISupportedInterfaceOrientations_iPhone = "UIInterfaceOrientationPortrait UIInterfaceOrientationLandscapeLeft UIInterfaceOrientationLandscapeRight";
				LD_RUNPATH_SEARCH_PATHS = (
					"$(inherited)",
					"@executable_path/Frameworks",
				);
				MARKETING_VERSION = 1.0;
				PRODUCT_BUNDLE_IDENTIFIER = com.aliaycicek.BasicInstaClone;
				PRODUCT_NAME = "$(TARGET_NAME)";
				SWIFT_EMIT_LOC_STRINGS = YES;
				SWIFT_VERSION = 5.0;
				TARGETED_DEVICE_FAMILY = "1,2";
			};
			name = Debug;
		};
		936496942C41B71100872F32 /* Release */ = {
			isa = XCBuildConfiguration;
			baseConfigurationReference = 3C6C5A0E5AA28D9097D83537 /* Pods-BasicInstaClone.release.xcconfig */;
			buildSettings = {
				ASSETCATALOG_COMPILER_APPICON_NAME = AppIcon;
				ASSETCATALOG_COMPILER_GLOBAL_ACCENT_COLOR_NAME = AccentColor;
				CODE_SIGN_STYLE = Automatic;
				CURRENT_PROJECT_VERSION = 1;
				DEVELOPMENT_TEAM = 4Z5K7926Y5;
				GENERATE_INFOPLIST_FILE = YES;
				INFOPLIST_FILE = BasicInstaClone/Info.plist;
				INFOPLIST_KEY_UIApplicationSupportsIndirectInputEvents = YES;
				INFOPLIST_KEY_UILaunchStoryboardName = LaunchScreen;
				INFOPLIST_KEY_UIMainStoryboardFile = Main;
				INFOPLIST_KEY_UISupportedInterfaceOrientations_iPad = "UIInterfaceOrientationPortrait UIInterfaceOrientationPortraitUpsideDown UIInterfaceOrientationLandscapeLeft UIInterfaceOrientationLandscapeRight";
				INFOPLIST_KEY_UISupportedInterfaceOrientations_iPhone = "UIInterfaceOrientationPortrait UIInterfaceOrientationLandscapeLeft UIInterfaceOrientationLandscapeRight";
				LD_RUNPATH_SEARCH_PATHS = (
					"$(inherited)",
					"@executable_path/Frameworks",
				);
				MARKETING_VERSION = 1.0;
				PRODUCT_BUNDLE_IDENTIFIER = com.aliaycicek.BasicInstaClone;
				PRODUCT_NAME = "$(TARGET_NAME)";
				SWIFT_EMIT_LOC_STRINGS = YES;
				SWIFT_VERSION = 5.0;
				TARGETED_DEVICE_FAMILY = "1,2";
			};
			name = Release;
		};
/* End XCBuildConfiguration section */

/* Begin XCConfigurationList section */
		936496762C41B70F00872F32 /* Build configuration list for PBXProject "BasicInstaClone" */ = {
			isa = XCConfigurationList;
			buildConfigurations = (
				936496902C41B71100872F32 /* Debug */,
				936496912C41B71100872F32 /* Release */,
			);
			defaultConfigurationIsVisible = 0;
			defaultConfigurationName = Release;
		};
		936496922C41B71100872F32 /* Build configuration list for PBXNativeTarget "BasicInstaClone" */ = {
			isa = XCConfigurationList;
			buildConfigurations = (
				936496932C41B71100872F32 /* Debug */,
				936496942C41B71100872F32 /* Release */,
			);
			defaultConfigurationIsVisible = 0;
			defaultConfigurationName = Release;
		};
/* End XCConfigurationList section */

/* Begin XCVersionGroup section */
		936496872C41B70F00872F32 /* BasicInstaClone.xcdatamodeld */ = {
			isa = XCVersionGroup;
			children = (
				936496882C41B70F00872F32 /* BasicInstaClone.xcdatamodel */,
			);
			currentVersion = 936496882C41B70F00872F32 /* BasicInstaClone.xcdatamodel */;
			path = BasicInstaClone.xcdatamodeld;
			sourceTree = "<group>";
			versionGroupType = wrapper.xcdatamodel;
		};
/* End XCVersionGroup section */
	};
	rootObject = 936496732C41B70F00872F32 /* Project object */;
}
